// !$*UTF8*$!
{
	archiveVersion = 1;
	classes = {
	};
	objectVersion = 55;
	objects = {

/* Begin PBXBuildFile section */
		A76784CB269C029C00428CEF /* AnimalListItemView.swift in Sources */ = {isa = PBXBuildFile; fileRef = A76784CA269C029C00428CEF /* AnimalListItemView.swift */; };
		A76784CD269C06BF00428CEF /* AnimalModel.swift in Sources */ = {isa = PBXBuildFile; fileRef = A76784CC269C06BF00428CEF /* AnimalModel.swift */; };
		A76784CF269C38F400428CEF /* AnimalDetailView.swift in Sources */ = {isa = PBXBuildFile; fileRef = A76784CE269C38F400428CEF /* AnimalDetailView.swift */; };
		A76C2908269EF49300DCA826 /* VideoPlayerUtility.swift in Sources */ = {isa = PBXBuildFile; fileRef = A76C2907269EF49300DCA826 /* VideoPlayerUtility.swift */; };
		A76C290A269EFAD800DCA826 /* VideoPlayerView.swift in Sources */ = {isa = PBXBuildFile; fileRef = A76C2909269EFAD800DCA826 /* VideoPlayerView.swift */; };
		A76C290C269F030900DCA826 /* LocatinoModel.swift in Sources */ = {isa = PBXBuildFile; fileRef = A76C290B269F030900DCA826 /* LocatinoModel.swift */; };
		A76C290E269F06BD00DCA826 /* MapAnnotationView.swift in Sources */ = {isa = PBXBuildFile; fileRef = A76C290D269F06BD00DCA826 /* MapAnnotationView.swift */; };
		A7761EC9269D4F66007A1E4F /* HeaingView.swift in Sources */ = {isa = PBXBuildFile; fileRef = A7761EC8269D4F66007A1E4F /* HeaingView.swift */; };
		A7761ECB269D7CC8007A1E4F /* InsetGalleryView.swift in Sources */ = {isa = PBXBuildFile; fileRef = A7761ECA269D7CC8007A1E4F /* InsetGalleryView.swift */; };
		A7761ECD269D8CB6007A1E4F /* InsetFactView.swift in Sources */ = {isa = PBXBuildFile; fileRef = A7761ECC269D8CB6007A1E4F /* InsetFactView.swift */; };
		A7761ECF269D915B007A1E4F /* InsetMapView.swift in Sources */ = {isa = PBXBuildFile; fileRef = A7761ECE269D915B007A1E4F /* InsetMapView.swift */; };
		A7761ED1269D9DD9007A1E4F /* ExternalWeblinkView.swift in Sources */ = {isa = PBXBuildFile; fileRef = A7761ED0269D9DD9007A1E4F /* ExternalWeblinkView.swift */; };
		A7761ED3269DB71E007A1E4F /* VideoModel.swift in Sources */ = {isa = PBXBuildFile; fileRef = A7761ED2269DB71E007A1E4F /* VideoModel.swift */; };
		A7761ED5269DB794007A1E4F /* VideoListItem.swift in Sources */ = {isa = PBXBuildFile; fileRef = A7761ED4269DB794007A1E4F /* VideoListItem.swift */; };
		A78379B526A00D0400097588 /* MotionAnimationView.swift in Sources */ = {isa = PBXBuildFile; fileRef = A78379B426A00D0400097588 /* MotionAnimationView.swift */; };
		A7A9FBE926982BA600D2A7B0 /* AfricaApp.swift in Sources */ = {isa = PBXBuildFile; fileRef = A7A9FBE826982BA600D2A7B0 /* AfricaApp.swift */; };
		A7A9FBEB26982BA600D2A7B0 /* ContentView.swift in Sources */ = {isa = PBXBuildFile; fileRef = A7A9FBEA26982BA600D2A7B0 /* ContentView.swift */; };
		A7A9FBED26982BA600D2A7B0 /* Assets.xcassets in Resources */ = {isa = PBXBuildFile; fileRef = A7A9FBEC26982BA600D2A7B0 /* Assets.xcassets */; };
		A7A9FBF026982BA600D2A7B0 /* Preview Assets.xcassets in Resources */ = {isa = PBXBuildFile; fileRef = A7A9FBEF26982BA600D2A7B0 /* Preview Assets.xcassets */; };
		A7A9FC022698309300D2A7B0 /* zebra.mp4 in Resources */ = {isa = PBXBuildFile; fileRef = A7A9FBF82698309300D2A7B0 /* zebra.mp4 */; };
		A7A9FC032698309300D2A7B0 /* rhino.mp4 in Resources */ = {isa = PBXBuildFile; fileRef = A7A9FBF92698309300D2A7B0 /* rhino.mp4 */; };
		A7A9FC042698309300D2A7B0 /* elephant.mp4 in Resources */ = {isa = PBXBuildFile; fileRef = A7A9FBFA2698309300D2A7B0 /* elephant.mp4 */; };
		A7A9FC052698309300D2A7B0 /* cheetah.mp4 in Resources */ = {isa = PBXBuildFile; fileRef = A7A9FBFB2698309300D2A7B0 /* cheetah.mp4 */; };
		A7A9FC062698309300D2A7B0 /* lioness.mp4 in Resources */ = {isa = PBXBuildFile; fileRef = A7A9FBFC2698309300D2A7B0 /* lioness.mp4 */; };
		A7A9FC072698309300D2A7B0 /* lion.mp4 in Resources */ = {isa = PBXBuildFile; fileRef = A7A9FBFD2698309300D2A7B0 /* lion.mp4 */; };
		A7A9FC082698309300D2A7B0 /* giraffe.mp4 in Resources */ = {isa = PBXBuildFile; fileRef = A7A9FBFE2698309300D2A7B0 /* giraffe.mp4 */; };
		A7A9FC092698309300D2A7B0 /* hippo.mp4 in Resources */ = {isa = PBXBuildFile; fileRef = A7A9FBFF2698309300D2A7B0 /* hippo.mp4 */; };
		A7A9FC0A2698309300D2A7B0 /* ostrich.mp4 in Resources */ = {isa = PBXBuildFile; fileRef = A7A9FC002698309300D2A7B0 /* ostrich.mp4 */; };
		A7A9FC0B2698309300D2A7B0 /* gorilla.mp4 in Resources */ = {isa = PBXBuildFile; fileRef = A7A9FC012698309300D2A7B0 /* gorilla.mp4 */; };
		A7A9FC10269830A700D2A7B0 /* locations.json in Resources */ = {isa = PBXBuildFile; fileRef = A7A9FC0C269830A700D2A7B0 /* locations.json */; };
		A7A9FC11269830A700D2A7B0 /* covers.json in Resources */ = {isa = PBXBuildFile; fileRef = A7A9FC0D269830A700D2A7B0 /* covers.json */; };
		A7A9FC12269830A700D2A7B0 /* animals.json in Resources */ = {isa = PBXBuildFile; fileRef = A7A9FC0E269830A700D2A7B0 /* animals.json */; };
		A7A9FC13269830A700D2A7B0 /* videos.json in Resources */ = {isa = PBXBuildFile; fileRef = A7A9FC0F269830A700D2A7B0 /* videos.json */; };
		A7A9FC1726984FE800D2A7B0 /* MainView.swift in Sources */ = {isa = PBXBuildFile; fileRef = A7A9FC1626984FE800D2A7B0 /* MainView.swift */; };
		A7A9FC192698509000D2A7B0 /* VideoListView.swift in Sources */ = {isa = PBXBuildFile; fileRef = A7A9FC182698509000D2A7B0 /* VideoListView.swift */; };
		A7A9FC1B269850A600D2A7B0 /* MapView.swift in Sources */ = {isa = PBXBuildFile; fileRef = A7A9FC1A269850A600D2A7B0 /* MapView.swift */; };
		A7A9FC1D269850BE00D2A7B0 /* GalleryView.swift in Sources */ = {isa = PBXBuildFile; fileRef = A7A9FC1C269850BE00D2A7B0 /* GalleryView.swift */; };
		A7ADE551269AE13F00D06085 /* CoverImageView.swift in Sources */ = {isa = PBXBuildFile; fileRef = A7ADE550269AE13F00D06085 /* CoverImageView.swift */; };
		A7ADE554269AE36D00D06085 /* CoverImageModel.swift in Sources */ = {isa = PBXBuildFile; fileRef = A7ADE553269AE36D00D06085 /* CoverImageModel.swift */; };
		A7ADE557269B115F00D06085 /* CodableBundleExtension.swift in Sources */ = {isa = PBXBuildFile; fileRef = A7ADE556269B115F00D06085 /* CodableBundleExtension.swift */; };
/* End PBXBuildFile section */

/* Begin PBXFileReference section */
		A76784CA269C029C00428CEF /* AnimalListItemView.swift */ = {isa = PBXFileReference; lastKnownFileType = sourcecode.swift; path = AnimalListItemView.swift; sourceTree = "<group>"; };
		A76784CC269C06BF00428CEF /* AnimalModel.swift */ = {isa = PBXFileReference; lastKnownFileType = sourcecode.swift; path = AnimalModel.swift; sourceTree = "<group>"; };
		A76784CE269C38F400428CEF /* AnimalDetailView.swift */ = {isa = PBXFileReference; lastKnownFileType = sourcecode.swift; path = AnimalDetailView.swift; sourceTree = "<group>"; };
		A76C2907269EF49300DCA826 /* VideoPlayerUtility.swift */ = {isa = PBXFileReference; lastKnownFileType = sourcecode.swift; path = VideoPlayerUtility.swift; sourceTree = "<group>"; };
		A76C2909269EFAD800DCA826 /* VideoPlayerView.swift */ = {isa = PBXFileReference; lastKnownFileType = sourcecode.swift; path = VideoPlayerView.swift; sourceTree = "<group>"; };
		A76C290B269F030900DCA826 /* LocatinoModel.swift */ = {isa = PBXFileReference; lastKnownFileType = sourcecode.swift; path = LocatinoModel.swift; sourceTree = "<group>"; };
		A76C290D269F06BD00DCA826 /* MapAnnotationView.swift */ = {isa = PBXFileReference; lastKnownFileType = sourcecode.swift; path = MapAnnotationView.swift; sourceTree = "<group>"; };
		A7761EC8269D4F66007A1E4F /* HeaingView.swift */ = {isa = PBXFileReference; lastKnownFileType = sourcecode.swift; path = HeaingView.swift; sourceTree = "<group>"; };
		A7761ECA269D7CC8007A1E4F /* InsetGalleryView.swift */ = {isa = PBXFileReference; lastKnownFileType = sourcecode.swift; path = InsetGalleryView.swift; sourceTree = "<group>"; };
		A7761ECC269D8CB6007A1E4F /* InsetFactView.swift */ = {isa = PBXFileReference; lastKnownFileType = sourcecode.swift; path = InsetFactView.swift; sourceTree = "<group>"; };
		A7761ECE269D915B007A1E4F /* InsetMapView.swift */ = {isa = PBXFileReference; lastKnownFileType = sourcecode.swift; path = InsetMapView.swift; sourceTree = "<group>"; };
		A7761ED0269D9DD9007A1E4F /* ExternalWeblinkView.swift */ = {isa = PBXFileReference; lastKnownFileType = sourcecode.swift; path = ExternalWeblinkView.swift; sourceTree = "<group>"; };
		A7761ED2269DB71E007A1E4F /* VideoModel.swift */ = {isa = PBXFileReference; lastKnownFileType = sourcecode.swift; path = VideoModel.swift; sourceTree = "<group>"; };
		A7761ED4269DB794007A1E4F /* VideoListItem.swift */ = {isa = PBXFileReference; lastKnownFileType = sourcecode.swift; path = VideoListItem.swift; sourceTree = "<group>"; };
		A78379B426A00D0400097588 /* MotionAnimationView.swift */ = {isa = PBXFileReference; lastKnownFileType = sourcecode.swift; path = MotionAnimationView.swift; sourceTree = "<group>"; };
		A7A9FBE526982BA600D2A7B0 /* Africa.app */ = {isa = PBXFileReference; explicitFileType = wrapper.application; includeInIndex = 0; path = Africa.app; sourceTree = BUILT_PRODUCTS_DIR; };
		A7A9FBE826982BA600D2A7B0 /* AfricaApp.swift */ = {isa = PBXFileReference; lastKnownFileType = sourcecode.swift; path = AfricaApp.swift; sourceTree = "<group>"; };
		A7A9FBEA26982BA600D2A7B0 /* ContentView.swift */ = {isa = PBXFileReference; lastKnownFileType = sourcecode.swift; path = ContentView.swift; sourceTree = "<group>"; };
		A7A9FBEC26982BA600D2A7B0 /* Assets.xcassets */ = {isa = PBXFileReference; lastKnownFileType = folder.assetcatalog; path = Assets.xcassets; sourceTree = "<group>"; };
		A7A9FBEF26982BA600D2A7B0 /* Preview Assets.xcassets */ = {isa = PBXFileReference; lastKnownFileType = folder.assetcatalog; path = "Preview Assets.xcassets"; sourceTree = "<group>"; };
		A7A9FBF82698309300D2A7B0 /* zebra.mp4 */ = {isa = PBXFileReference; lastKnownFileType = file; path = zebra.mp4; sourceTree = "<group>"; };
		A7A9FBF92698309300D2A7B0 /* rhino.mp4 */ = {isa = PBXFileReference; lastKnownFileType = file; path = rhino.mp4; sourceTree = "<group>"; };
		A7A9FBFA2698309300D2A7B0 /* elephant.mp4 */ = {isa = PBXFileReference; lastKnownFileType = file; path = elephant.mp4; sourceTree = "<group>"; };
		A7A9FBFB2698309300D2A7B0 /* cheetah.mp4 */ = {isa = PBXFileReference; lastKnownFileType = file; path = cheetah.mp4; sourceTree = "<group>"; };
		A7A9FBFC2698309300D2A7B0 /* lioness.mp4 */ = {isa = PBXFileReference; lastKnownFileType = file; path = lioness.mp4; sourceTree = "<group>"; };
		A7A9FBFD2698309300D2A7B0 /* lion.mp4 */ = {isa = PBXFileReference; lastKnownFileType = file; path = lion.mp4; sourceTree = "<group>"; };
		A7A9FBFE2698309300D2A7B0 /* giraffe.mp4 */ = {isa = PBXFileReference; lastKnownFileType = file; path = giraffe.mp4; sourceTree = "<group>"; };
		A7A9FBFF2698309300D2A7B0 /* hippo.mp4 */ = {isa = PBXFileReference; lastKnownFileType = file; path = hippo.mp4; sourceTree = "<group>"; };
		A7A9FC002698309300D2A7B0 /* ostrich.mp4 */ = {isa = PBXFileReference; lastKnownFileType = file; path = ostrich.mp4; sourceTree = "<group>"; };
		A7A9FC012698309300D2A7B0 /* gorilla.mp4 */ = {isa = PBXFileReference; lastKnownFileType = file; path = gorilla.mp4; sourceTree = "<group>"; };
		A7A9FC0C269830A700D2A7B0 /* locations.json */ = {isa = PBXFileReference; fileEncoding = 4; lastKnownFileType = text.json; path = locations.json; sourceTree = "<group>"; };
		A7A9FC0D269830A700D2A7B0 /* covers.json */ = {isa = PBXFileReference; fileEncoding = 4; lastKnownFileType = text.json; path = covers.json; sourceTree = "<group>"; };
		A7A9FC0E269830A700D2A7B0 /* animals.json */ = {isa = PBXFileReference; fileEncoding = 4; lastKnownFileType = text.json; path = animals.json; sourceTree = "<group>"; };
		A7A9FC0F269830A700D2A7B0 /* videos.json */ = {isa = PBXFileReference; fileEncoding = 4; lastKnownFileType = text.json; path = videos.json; sourceTree = "<group>"; };
		A7A9FC1426984C8700D2A7B0 /* Info.plist */ = {isa = PBXFileReference; lastKnownFileType = text.plist; path = Info.plist; sourceTree = "<group>"; };
		A7A9FC1626984FE800D2A7B0 /* MainView.swift */ = {isa = PBXFileReference; lastKnownFileType = sourcecode.swift; path = MainView.swift; sourceTree = "<group>"; };
		A7A9FC182698509000D2A7B0 /* VideoListView.swift */ = {isa = PBXFileReference; lastKnownFileType = sourcecode.swift; path = VideoListView.swift; sourceTree = "<group>"; };
		A7A9FC1A269850A600D2A7B0 /* MapView.swift */ = {isa = PBXFileReference; lastKnownFileType = sourcecode.swift; path = MapView.swift; sourceTree = "<group>"; };
		A7A9FC1C269850BE00D2A7B0 /* GalleryView.swift */ = {isa = PBXFileReference; lastKnownFileType = sourcecode.swift; path = GalleryView.swift; sourceTree = "<group>"; };
		A7ADE550269AE13F00D06085 /* CoverImageView.swift */ = {isa = PBXFileReference; lastKnownFileType = sourcecode.swift; path = CoverImageView.swift; sourceTree = "<group>"; };
		A7ADE553269AE36D00D06085 /* CoverImageModel.swift */ = {isa = PBXFileReference; lastKnownFileType = sourcecode.swift; path = CoverImageModel.swift; sourceTree = "<group>"; };
		A7ADE556269B115F00D06085 /* CodableBundleExtension.swift */ = {isa = PBXFileReference; lastKnownFileType = sourcecode.swift; path = CodableBundleExtension.swift; sourceTree = "<group>"; };
/* End PBXFileReference section */

/* Begin PBXFrameworksBuildPhase section */
		A7A9FBE226982BA600D2A7B0 /* Frameworks */ = {
			isa = PBXFrameworksBuildPhase;
			buildActionMask = 2147483647;
			files = (
			);
			runOnlyForDeploymentPostprocessing = 0;
		};
/* End PBXFrameworksBuildPhase section */

/* Begin PBXGroup section */
		A76C2906269EF47800DCA826 /* Utilities */ = {
			isa = PBXGroup;
			children = (
				A76C2907269EF49300DCA826 /* VideoPlayerUtility.swift */,
			);
			path = Utilities;
			sourceTree = "<group>";
		};
		A7A9FBDC26982BA600D2A7B0 = {
			isa = PBXGroup;
			children = (
				A7A9FBE726982BA600D2A7B0 /* Africa */,
				A7A9FBE626982BA600D2A7B0 /* Products */,
			);
			sourceTree = "<group>";
		};
		A7A9FBE626982BA600D2A7B0 /* Products */ = {
			isa = PBXGroup;
			children = (
				A7A9FBE526982BA600D2A7B0 /* Africa.app */,
			);
			name = Products;
			sourceTree = "<group>";
		};
		A7A9FBE726982BA600D2A7B0 /* Africa */ = {
			isa = PBXGroup;
			children = (
				A76C2906269EF47800DCA826 /* Utilities */,
				A7ADE555269B110F00D06085 /* Extensinos */,
				A7ADE552269AE35900D06085 /* Model */,
				A7ADE54F269AE11300D06085 /* View */,
				A7A9FC1426984C8700D2A7B0 /* Info.plist */,
				A7A9FBF72698302500D2A7B0 /* JsonData */,
				A7A9FBF62698301F00D2A7B0 /* Video */,
				A7A9FC1526984F7E00D2A7B0 /* App */,
				A7A9FBEC26982BA600D2A7B0 /* Assets.xcassets */,
				A7A9FBEE26982BA600D2A7B0 /* Preview Content */,
			);
			path = Africa;
			sourceTree = "<group>";
		};
		A7A9FBEE26982BA600D2A7B0 /* Preview Content */ = {
			isa = PBXGroup;
			children = (
				A7A9FBEF26982BA600D2A7B0 /* Preview Assets.xcassets */,
			);
			path = "Preview Content";
			sourceTree = "<group>";
		};
		A7A9FBF62698301F00D2A7B0 /* Video */ = {
			isa = PBXGroup;
			children = (
				A7A9FBFB2698309300D2A7B0 /* cheetah.mp4 */,
				A7A9FBFA2698309300D2A7B0 /* elephant.mp4 */,
				A7A9FBFE2698309300D2A7B0 /* giraffe.mp4 */,
				A7A9FC012698309300D2A7B0 /* gorilla.mp4 */,
				A7A9FBFF2698309300D2A7B0 /* hippo.mp4 */,
				A7A9FBFD2698309300D2A7B0 /* lion.mp4 */,
				A7A9FBFC2698309300D2A7B0 /* lioness.mp4 */,
				A7A9FC002698309300D2A7B0 /* ostrich.mp4 */,
				A7A9FBF92698309300D2A7B0 /* rhino.mp4 */,
				A7A9FBF82698309300D2A7B0 /* zebra.mp4 */,
			);
			path = Video;
			sourceTree = "<group>";
		};
		A7A9FBF72698302500D2A7B0 /* JsonData */ = {
			isa = PBXGroup;
			children = (
				A7A9FC0E269830A700D2A7B0 /* animals.json */,
				A7A9FC0D269830A700D2A7B0 /* covers.json */,
				A7A9FC0C269830A700D2A7B0 /* locations.json */,
				A7A9FC0F269830A700D2A7B0 /* videos.json */,
			);
			path = JsonData;
			sourceTree = "<group>";
		};
		A7A9FC1526984F7E00D2A7B0 /* App */ = {
			isa = PBXGroup;
			children = (
				A7A9FBE826982BA600D2A7B0 /* AfricaApp.swift */,
				A7A9FBEA26982BA600D2A7B0 /* ContentView.swift */,
				A7A9FC1626984FE800D2A7B0 /* MainView.swift */,
				A7A9FC182698509000D2A7B0 /* VideoListView.swift */,
				A7A9FC1A269850A600D2A7B0 /* MapView.swift */,
				A7A9FC1C269850BE00D2A7B0 /* GalleryView.swift */,
			);
			path = App;
			sourceTree = "<group>";
		};
		A7ADE54F269AE11300D06085 /* View */ = {
			isa = PBXGroup;
			children = (
				A7ADE550269AE13F00D06085 /* CoverImageView.swift */,
				A76784CA269C029C00428CEF /* AnimalListItemView.swift */,
				A76784CE269C38F400428CEF /* AnimalDetailView.swift */,
				A7761EC8269D4F66007A1E4F /* HeaingView.swift */,
				A7761ECA269D7CC8007A1E4F /* InsetGalleryView.swift */,
				A7761ECC269D8CB6007A1E4F /* InsetFactView.swift */,
				A7761ECE269D915B007A1E4F /* InsetMapView.swift */,
				A7761ED0269D9DD9007A1E4F /* ExternalWeblinkView.swift */,
				A7761ED4269DB794007A1E4F /* VideoListItem.swift */,
				A76C2909269EFAD800DCA826 /* VideoPlayerView.swift */,
				A76C290D269F06BD00DCA826 /* MapAnnotationView.swift */,
				A78379B426A00D0400097588 /* MotionAnimationView.swift */,
			);
			path = View;
			sourceTree = "<group>";
		};
		A7ADE552269AE35900D06085 /* Model */ = {
			isa = PBXGroup;
			children = (
				A7ADE553269AE36D00D06085 /* CoverImageModel.swift */,
				A76784CC269C06BF00428CEF /* AnimalModel.swift */,
				A7761ED2269DB71E007A1E4F /* VideoModel.swift */,
				A76C290B269F030900DCA826 /* LocatinoModel.swift */,
			);
			path = Model;
			sourceTree = "<group>";
		};
		A7ADE555269B110F00D06085 /* Extensinos */ = {
			isa = PBXGroup;
			children = (
				A7ADE556269B115F00D06085 /* CodableBundleExtension.swift */,
			);
			path = Extensinos;
			sourceTree = "<group>";
		};
/* End PBXGroup section */

/* Begin PBXNativeTarget section */
		A7A9FBE426982BA600D2A7B0 /* Africa */ = {
			isa = PBXNativeTarget;
			buildConfigurationList = A7A9FBF326982BA600D2A7B0 /* Build configuration list for PBXNativeTarget "Africa" */;
			buildPhases = (
				A7A9FBE126982BA600D2A7B0 /* Sources */,
				A7A9FBE226982BA600D2A7B0 /* Frameworks */,
				A7A9FBE326982BA600D2A7B0 /* Resources */,
			);
			buildRules = (
			);
			dependencies = (
			);
			name = Africa;
			productName = Africa;
			productReference = A7A9FBE526982BA600D2A7B0 /* Africa.app */;
			productType = "com.apple.product-type.application";
		};
/* End PBXNativeTarget section */

/* Begin PBXProject section */
		A7A9FBDD26982BA600D2A7B0 /* Project object */ = {
			isa = PBXProject;
			attributes = {
				BuildIndependentTargetsInParallel = 1;
				LastSwiftUpdateCheck = 1300;
				LastUpgradeCheck = 1300;
				TargetAttributes = {
					A7A9FBE426982BA600D2A7B0 = {
						CreatedOnToolsVersion = 13.0;
					};
				};
			};
			buildConfigurationList = A7A9FBE026982BA600D2A7B0 /* Build configuration list for PBXProject "Africa" */;
			compatibilityVersion = "Xcode 13.0";
			developmentRegion = en;
			hasScannedForEncodings = 0;
			knownRegions = (
				en,
				Base,
			);
			mainGroup = A7A9FBDC26982BA600D2A7B0;
			productRefGroup = A7A9FBE626982BA600D2A7B0 /* Products */;
			projectDirPath = "";
			projectRoot = "";
			targets = (
				A7A9FBE426982BA600D2A7B0 /* Africa */,
			);
		};
/* End PBXProject section */

/* Begin PBXResourcesBuildPhase section */
		A7A9FBE326982BA600D2A7B0 /* Resources */ = {
			isa = PBXResourcesBuildPhase;
			buildActionMask = 2147483647;
			files = (
				A7A9FC12269830A700D2A7B0 /* animals.json in Resources */,
				A7A9FC10269830A700D2A7B0 /* locations.json in Resources */,
				A7A9FC092698309300D2A7B0 /* hippo.mp4 in Resources */,
				A7A9FC032698309300D2A7B0 /* rhino.mp4 in Resources */,
				A7A9FC072698309300D2A7B0 /* lion.mp4 in Resources */,
				A7A9FBF026982BA600D2A7B0 /* Preview Assets.xcassets in Resources */,
				A7A9FC0B2698309300D2A7B0 /* gorilla.mp4 in Resources */,
				A7A9FC052698309300D2A7B0 /* cheetah.mp4 in Resources */,
				A7A9FC11269830A700D2A7B0 /* covers.json in Resources */,
				A7A9FC022698309300D2A7B0 /* zebra.mp4 in Resources */,
				A7A9FC042698309300D2A7B0 /* elephant.mp4 in Resources */,
				A7A9FC062698309300D2A7B0 /* lioness.mp4 in Resources */,
				A7A9FBED26982BA600D2A7B0 /* Assets.xcassets in Resources */,
				A7A9FC13269830A700D2A7B0 /* videos.json in Resources */,
				A7A9FC082698309300D2A7B0 /* giraffe.mp4 in Resources */,
				A7A9FC0A2698309300D2A7B0 /* ostrich.mp4 in Resources */,
			);
			runOnlyForDeploymentPostprocessing = 0;
		};
/* End PBXResourcesBuildPhase section */

/* Begin PBXSourcesBuildPhase section */
		A7A9FBE126982BA600D2A7B0 /* Sources */ = {
			isa = PBXSourcesBuildPhase;
			buildActionMask = 2147483647;
			files = (
				A7761ED1269D9DD9007A1E4F /* ExternalWeblinkView.swift in Sources */,
				A7A9FC192698509000D2A7B0 /* VideoListView.swift in Sources */,
				A76784CB269C029C00428CEF /* AnimalListItemView.swift in Sources */,
				A7A9FC1D269850BE00D2A7B0 /* GalleryView.swift in Sources */,
				A7761ECD269D8CB6007A1E4F /* InsetFactView.swift in Sources */,
				A7ADE551269AE13F00D06085 /* CoverImageView.swift in Sources */,
				A76C290C269F030900DCA826 /* LocatinoModel.swift in Sources */,
				A7761EC9269D4F66007A1E4F /* HeaingView.swift in Sources */,
				A76C2908269EF49300DCA826 /* VideoPlayerUtility.swift in Sources */,
				A7ADE554269AE36D00D06085 /* CoverImageModel.swift in Sources */,
				A76784CF269C38F400428CEF /* AnimalDetailView.swift in Sources */,
				A76784CD269C06BF00428CEF /* AnimalModel.swift in Sources */,
				A7761ECF269D915B007A1E4F /* InsetMapView.swift in Sources */,
				A76C290E269F06BD00DCA826 /* MapAnnotationView.swift in Sources */,
				A7A9FBEB26982BA600D2A7B0 /* ContentView.swift in Sources */,
				A7A9FC1B269850A600D2A7B0 /* MapView.swift in Sources */,
				A7761ED3269DB71E007A1E4F /* VideoModel.swift in Sources */,
				A7A9FC1726984FE800D2A7B0 /* MainView.swift in Sources */,
				A7761ECB269D7CC8007A1E4F /* InsetGalleryView.swift in Sources */,
				A7761ED5269DB794007A1E4F /* VideoListItem.swift in Sources */,
				A7A9FBE926982BA600D2A7B0 /* AfricaApp.swift in Sources */,
				A78379B526A00D0400097588 /* MotionAnimationView.swift in Sources */,
				A7ADE557269B115F00D06085 /* CodableBundleExtension.swift in Sources */,
				A76C290A269EFAD800DCA826 /* VideoPlayerView.swift in Sources */,
			);
			runOnlyForDeploymentPostprocessing = 0;
		};
/* End PBXSourcesBuildPhase section */

/* Begin XCBuildConfiguration section */
		A7A9FBF126982BA600D2A7B0 /* Debug */ = {
			isa = XCBuildConfiguration;
			buildSettings = {
				ALWAYS_SEARCH_USER_PATHS = NO;
				CLANG_ANALYZER_NONNULL = YES;
				CLANG_ANALYZER_NUMBER_OBJECT_CONVERSION = YES_AGGRESSIVE;
				CLANG_CXX_LANGUAGE_STANDARD = "gnu++14";
				CLANG_CXX_LIBRARY = "libc++";
				CLANG_ENABLE_MODULES = YES;
				CLANG_ENABLE_OBJC_ARC = YES;
				CLANG_ENABLE_OBJC_WEAK = YES;
				CLANG_WARN_BLOCK_CAPTURE_AUTORELEASING = YES;
				CLANG_WARN_BOOL_CONVERSION = YES;
				CLANG_WARN_COMMA = YES;
				CLANG_WARN_CONSTANT_CONVERSION = YES;
				CLANG_WARN_DEPRECATED_OBJC_IMPLEMENTATIONS = YES;
				CLANG_WARN_DIRECT_OBJC_ISA_USAGE = YES_ERROR;
				CLANG_WARN_DOCUMENTATION_COMMENTS = YES;
				CLANG_WARN_EMPTY_BODY = YES;
				CLANG_WARN_ENUM_CONVERSION = YES;
				CLANG_WARN_INFINITE_RECURSION = YES;
				CLANG_WARN_INT_CONVERSION = YES;
				CLANG_WARN_NON_LITERAL_NULL_CONVERSION = YES;
				CLANG_WARN_OBJC_IMPLICIT_RETAIN_SELF = YES;
				CLANG_WARN_OBJC_LITERAL_CONVERSION = YES;
				CLANG_WARN_OBJC_ROOT_CLASS = YES_ERROR;
				CLANG_WARN_QUOTED_INCLUDE_IN_FRAMEWORK_HEADER = YES;
				CLANG_WARN_RANGE_LOOP_ANALYSIS = YES;
				CLANG_WARN_STRICT_PROTOTYPES = YES;
				CLANG_WARN_SUSPICIOUS_MOVE = YES;
				CLANG_WARN_UNGUARDED_AVAILABILITY = YES_AGGRESSIVE;
				CLANG_WARN_UNREACHABLE_CODE = YES;
				CLANG_WARN__DUPLICATE_METHOD_MATCH = YES;
				COPY_PHASE_STRIP = NO;
				DEBUG_INFORMATION_FORMAT = dwarf;
				ENABLE_STRICT_OBJC_MSGSEND = YES;
				ENABLE_TESTABILITY = YES;
				GCC_C_LANGUAGE_STANDARD = gnu11;
				GCC_DYNAMIC_NO_PIC = NO;
				GCC_NO_COMMON_BLOCKS = YES;
				GCC_OPTIMIZATION_LEVEL = 0;
				GCC_PREPROCESSOR_DEFINITIONS = (
					"DEBUG=1",
					"$(inherited)",
				);
				GCC_WARN_64_TO_32_BIT_CONVERSION = YES;
				GCC_WARN_ABOUT_RETURN_TYPE = YES_ERROR;
				GCC_WARN_UNDECLARED_SELECTOR = YES;
				GCC_WARN_UNINITIALIZED_AUTOS = YES_AGGRESSIVE;
				GCC_WARN_UNUSED_FUNCTION = YES;
				GCC_WARN_UNUSED_VARIABLE = YES;
				IPHONEOS_DEPLOYMENT_TARGET = 15.0;
				MTL_ENABLE_DEBUG_INFO = INCLUDE_SOURCE;
				MTL_FAST_MATH = YES;
				ONLY_ACTIVE_ARCH = YES;
				SDKROOT = iphoneos;
				SWIFT_ACTIVE_COMPILATION_CONDITIONS = DEBUG;
				SWIFT_OPTIMIZATION_LEVEL = "-Onone";
			};
			name = Debug;
		};
		A7A9FBF226982BA600D2A7B0 /* Release */ = {
			isa = XCBuildConfiguration;
			buildSettings = {
				ALWAYS_SEARCH_USER_PATHS = NO;
				CLANG_ANALYZER_NONNULL = YES;
				CLANG_ANALYZER_NUMBER_OBJECT_CONVERSION = YES_AGGRESSIVE;
				CLANG_CXX_LANGUAGE_STANDARD = "gnu++14";
				CLANG_CXX_LIBRARY = "libc++";
				CLANG_ENABLE_MODULES = YES;
				CLANG_ENABLE_OBJC_ARC = YES;
				CLANG_ENABLE_OBJC_WEAK = YES;
				CLANG_WARN_BLOCK_CAPTURE_AUTORELEASING = YES;
				CLANG_WARN_BOOL_CONVERSION = YES;
				CLANG_WARN_COMMA = YES;
				CLANG_WARN_CONSTANT_CONVERSION = YES;
				CLANG_WARN_DEPRECATED_OBJC_IMPLEMENTATIONS = YES;
				CLANG_WARN_DIRECT_OBJC_ISA_USAGE = YES_ERROR;
				CLANG_WARN_DOCUMENTATION_COMMENTS = YES;
				CLANG_WARN_EMPTY_BODY = YES;
				CLANG_WARN_ENUM_CONVERSION = YES;
				CLANG_WARN_INFINITE_RECURSION = YES;
				CLANG_WARN_INT_CONVERSION = YES;
				CLANG_WARN_NON_LITERAL_NULL_CONVERSION = YES;
				CLANG_WARN_OBJC_IMPLICIT_RETAIN_SELF = YES;
				CLANG_WARN_OBJC_LITERAL_CONVERSION = YES;
				CLANG_WARN_OBJC_ROOT_CLASS = YES_ERROR;
				CLANG_WARN_QUOTED_INCLUDE_IN_FRAMEWORK_HEADER = YES;
				CLANG_WARN_RANGE_LOOP_ANALYSIS = YES;
				CLANG_WARN_STRICT_PROTOTYPES = YES;
				CLANG_WARN_SUSPICIOUS_MOVE = YES;
				CLANG_WARN_UNGUARDED_AVAILABILITY = YES_AGGRESSIVE;
				CLANG_WARN_UNREACHABLE_CODE = YES;
				CLANG_WARN__DUPLICATE_METHOD_MATCH = YES;
				COPY_PHASE_STRIP = NO;
				DEBUG_INFORMATION_FORMAT = "dwarf-with-dsym";
				ENABLE_NS_ASSERTIONS = NO;
				ENABLE_STRICT_OBJC_MSGSEND = YES;
				GCC_C_LANGUAGE_STANDARD = gnu11;
				GCC_NO_COMMON_BLOCKS = YES;
				GCC_WARN_64_TO_32_BIT_CONVERSION = YES;
				GCC_WARN_ABOUT_RETURN_TYPE = YES_ERROR;
				GCC_WARN_UNDECLARED_SELECTOR = YES;
				GCC_WARN_UNINITIALIZED_AUTOS = YES_AGGRESSIVE;
				GCC_WARN_UNUSED_FUNCTION = YES;
				GCC_WARN_UNUSED_VARIABLE = YES;
				IPHONEOS_DEPLOYMENT_TARGET = 15.0;
				MTL_ENABLE_DEBUG_INFO = NO;
				MTL_FAST_MATH = YES;
				SDKROOT = iphoneos;
				SWIFT_COMPILATION_MODE = wholemodule;
				SWIFT_OPTIMIZATION_LEVEL = "-O";
				VALIDATE_PRODUCT = YES;
			};
			name = Release;
		};
		A7A9FBF426982BA600D2A7B0 /* Debug */ = {
			isa = XCBuildConfiguration;
			buildSettings = {
				ASSETCATALOG_COMPILER_APPICON_NAME = AppIcon;
				ASSETCATALOG_COMPILER_GLOBAL_ACCENT_COLOR_NAME = AccentColor;
				CODE_SIGN_STYLE = Automatic;
				CURRENT_PROJECT_VERSION = 1;
				DEVELOPMENT_ASSET_PATHS = "\"Africa/Preview Content\"";
				ENABLE_PREVIEWS = YES;
				GENERATE_INFOPLIST_FILE = YES;
				INFOPLIST_FILE = Africa/Info.plist;
				INFOPLIST_KEY_CFBundleExecutable = Africa;
				INFOPLIST_KEY_CFBundleName = Africa;
				INFOPLIST_KEY_CFBundleVersion = 1;
				INFOPLIST_KEY_UIApplicationSceneManifest_Generation = YES;
				INFOPLIST_KEY_UIApplicationSupportsIndirectInputEvents = YES;
				INFOPLIST_KEY_UISupportedInterfaceOrientations_iPad = "UIInterfaceOrientationPortrait UIInterfaceOrientationPortraitUpsideDown UIInterfaceOrientationLandscapeLeft UIInterfaceOrientationLandscapeRight";
				INFOPLIST_KEY_UISupportedInterfaceOrientations_iPhone = "UIInterfaceOrientationPortrait UIInterfaceOrientationLandscapeLeft UIInterfaceOrientationLandscapeRight";
				INFOPLIST_KEY_UIUserInterfaceStyle = Dark;
				IPHONEOS_DEPLOYMENT_TARGET = 14.0;
				LD_RUNPATH_SEARCH_PATHS = (
					"$(inherited)",
					"@executable_path/Frameworks",
				);
				MARKETING_VERSION = 1.0;
				PRODUCT_BUNDLE_IDENTIFIER = com.example.Africa;
				PRODUCT_NAME = "$(TARGET_NAME)";
				SWIFT_EMIT_LOC_STRINGS = YES;
				SWIFT_VERSION = 5.0;
				TARGETED_DEVICE_FAMILY = "1,2";
			};
			name = Debug;
		};
		A7A9FBF526982BA600D2A7B0 /* Release */ = {
			isa = XCBuildConfiguration;
			buildSettings = {
				ASSETCATALOG_COMPILER_APPICON_NAME = AppIcon;
				ASSETCATALOG_COMPILER_GLOBAL_ACCENT_COLOR_NAME = AccentColor;
				CODE_SIGN_STYLE = Automatic;
				CURRENT_PROJECT_VERSION = 1;
				DEVELOPMENT_ASSET_PATHS = "\"Africa/Preview Content\"";
				ENABLE_PREVIEWS = YES;
				GENERATE_INFOPLIST_FILE = YES;
				INFOPLIST_FILE = Africa/Info.plist;
				INFOPLIST_KEY_CFBundleExecutable = Africa;
				INFOPLIST_KEY_CFBundleName = Africa;
				INFOPLIST_KEY_CFBundleVersion = 1;
				INFOPLIST_KEY_UIApplicationSceneManifest_Generation = YES;
				INFOPLIST_KEY_UIApplicationSupportsIndirectInputEvents = YES;
				INFOPLIST_KEY_UISupportedInterfaceOrientations_iPad = "UIInterfaceOrientationPortrait UIInterfaceOrientationPortraitUpsideDown UIInterfaceOrientationLandscapeLeft UIInterfaceOrientationLandscapeRight";
				INFOPLIST_KEY_UISupportedInterfaceOrientations_iPhone = "UIInterfaceOrientationPortrait UIInterfaceOrientationLandscapeLeft UIInterfaceOrientationLandscapeRight";
				INFOPLIST_KEY_UIUserInterfaceStyle = Dark;
				IPHONEOS_DEPLOYMENT_TARGET = 14.0;
				LD_RUNPATH_SEARCH_PATHS = (
					"$(inherited)",
					"@executable_path/Frameworks",
				);
				MARKETING_VERSION = 1.0;
				PRODUCT_BUNDLE_IDENTIFIER = com.example.Africa;
				PRODUCT_NAME = "$(TARGET_NAME)";
				SWIFT_EMIT_LOC_STRINGS = YES;
				SWIFT_VERSION = 5.0;
				TARGETED_DEVICE_FAMILY = "1,2";
			};
			name = Release;
		};
/* End XCBuildConfiguration section */

/* Begin XCConfigurationList section */
		A7A9FBE026982BA600D2A7B0 /* Build configuration list for PBXProject "Africa" */ = {
			isa = XCConfigurationList;
			buildConfigurations = (
				A7A9FBF126982BA600D2A7B0 /* Debug */,
				A7A9FBF226982BA600D2A7B0 /* Release */,
			);
			defaultConfigurationIsVisible = 0;
			defaultConfigurationName = Release;
		};
		A7A9FBF326982BA600D2A7B0 /* Build configuration list for PBXNativeTarget "Africa" */ = {
			isa = XCConfigurationList;
			buildConfigurations = (
				A7A9FBF426982BA600D2A7B0 /* Debug */,
				A7A9FBF526982BA600D2A7B0 /* Release */,
			);
			defaultConfigurationIsVisible = 0;
			defaultConfigurationName = Release;
		};
/* End XCConfigurationList section */
	};
	rootObject = A7A9FBDD26982BA600D2A7B0 /* Project object */;
}
